
Microsoft Visual Studio Solution File, Format Version 12.00
# Visual Studio 15
VisualStudioVersion = 15.0.28307.168
MinimumVisualStudioVersion = 10.0.40219.1
Project("{FAE04EC0-301F-11D3-BF4B-00C04F79EFBC}") = "CELTAPI", "CELTAPI\CELTAPI.csproj", "{2CBD09D5-CCFB-43F4-9208-B2C289CA24BC}"
EndProject
Project("{FAE04EC0-301F-11D3-BF4B-00C04F79EFBC}") = "CELTAPI.Tests", "CELTAPI.Tests\CELTAPI.Tests.csproj", "{D7F819EA-3A6B-453B-971D-4BA37763C2F2}"
EndProject
Global
	GlobalSection(SolutionConfigurationPlatforms) = preSolution
		Debug|Any CPU = Debug|Any CPU
		Release|Any CPU = Release|Any CPU
	EndGlobalSection
	GlobalSection(ProjectConfigurationPlatforms) = postSolution
		{2CBD09D5-CCFB-43F4-9208-B2C289CA24BC}.Debug|Any CPU.ActiveCfg = Debug|Any CPU
		{2CBD09D5-CCFB-43F4-9208-B2C289CA24BC}.Debug|Any CPU.Build.0 = Debug|Any CPU
		{2CBD09D5-CCFB-43F4-9208-B2C289CA24BC}.Release|Any CPU.ActiveCfg = Release|Any CPU
		{2CBD09D5-CCFB-43F4-9208-B2C289CA24BC}.Release|Any CPU.Build.0 = Release|Any CPU
		{D7F819EA-3A6B-453B-971D-4BA37763C2F2}.Debug|Any CPU.ActiveCfg = Debug|Any CPU
		{D7F819EA-3A6B-453B-971D-4BA37763C2F2}.Debug|Any CPU.Build.0 = Debug|Any CPU
		{D7F819EA-3A6B-453B-971D-4BA37763C2F2}.Release|Any CPU.ActiveCfg = Release|Any CPU
		{D7F819EA-3A6B-453B-971D-4BA37763C2F2}.Release|Any CPU.Build.0 = Release|Any CPU
	EndGlobalSection
	GlobalSection(SolutionProperties) = preSolution
		HideSolutionNode = FALSE
	EndGlobalSection
	GlobalSection(ExtensibilityGlobals) = postSolution
		SolutionGuid = {E41E93C6-B075-4F7B-B98B-037B04C12D41}
	EndGlobalSection
EndGlobal
